
Microsoft Visual Studio Solution File, Format Version 12.00
# Visual Studio 14
VisualStudioVersion = 14.0.25420.1
MinimumVisualStudioVersion = 10.0.40219.1
Project("{8BC9CEB8-8B4A-11D0-8D11-00A0C91BC942}") = "CodePublisher", "CodePublisher\CodePublisher.vcxproj", "{99C4ABAB-4EB0-4808-AF24-55B9E2A3430F}"
EndProject
Project("{8BC9CEB8-8B4A-11D0-8D11-00A0C91BC942}") = "ServerExec", "Exec\Exec.vcxproj", "{3A343337-6691-4256-88D9-42381138CF27}"
EndProject
Project("{8BC9CEB8-8B4A-11D0-8D11-00A0C91BC942}") = "DepAnal", "DepAnal\DepAnal.vcxproj", "{2A2CA5D3-107B-409E-9C13-6608A74912EF}"
EndProject
Project("{8BC9CEB8-8B4A-11D0-8D11-00A0C91BC942}") = "DepDisplay", "DepDisplay\DepDisplay.vcxproj", "{80F4D31B-0678-4848-8795-C4ED2877974D}"
EndProject
Project("{8BC9CEB8-8B4A-11D0-8D11-00A0C91BC942}") = "FileMgr", "FileMgr\FileMgr.vcxproj", "{DB9911ED-0455-4679-9A7F-30947415D4E1}"
EndProject
Project("{8BC9CEB8-8B4A-11D0-8D11-00A0C91BC942}") = "FileSystem", "FileSystem\FileSystem.vcxproj", "{34D0AE18-B0DA-45E3-9B24-54387DC20C67}"
EndProject
Project("{8BC9CEB8-8B4A-11D0-8D11-00A0C91BC942}") = "XmlWriter", "XmlWriter\XmlWriter.vcxproj", "{8A19B4CC-0DC1-4E4D-8608-7E1CE8506938}"
EndProject
Project("{8BC9CEB8-8B4A-11D0-8D11-00A0C91BC942}") = "Logger", "Logger\Logger.vcxproj", "{6C342C17-2459-498C-8EC1-C24737F8D63E}"
EndProject
Project("{8BC9CEB8-8B4A-11D0-8D11-00A0C91BC942}") = "XmlDocument", "XmlDocument\XmlDocument.vcxproj", "{6B3A5DAD-A095-4F16-A0DF-FCBAB86EEEDE}"
EndProject
Project("{8BC9CEB8-8B4A-11D0-8D11-00A0C91BC942}") = "NoSqlDb", "NoSqlDb\NoSqlDb.vcxproj", "{56D89EBC-E517-4D2F-A96D-935E9ABE4975}"
EndProject
Project("{8BC9CEB8-8B4A-11D0-8D11-00A0C91BC942}") = "Persist", "Persist\Persist.vcxproj", "{9168E3FE-7BA0-4F59-A41D-298908133EBC}"
EndProject
Project("{8BC9CEB8-8B4A-11D0-8D11-00A0C91BC942}") = "StrongComp", "StrongComp\StrongComp.vcxproj", "{B099980F-FBEC-4B59-8380-3E82EB479D9B}"
EndProject
Project("{8BC9CEB8-8B4A-11D0-8D11-00A0C91BC942}") = "Utilities", "Utilities\Utilities.vcxproj", "{81143BA4-37B2-4591-ABB3-F8EF35738C65}"
EndProject
Project("{2150E333-8FDC-42A3-9474-1A3956D46DE8}") = "Solution Items", "Solution Items", "{189DDF93-E735-4100-8B48-981C93268052}"
	ProjectSection(SolutionItems) = preProject
		ReadMe.txt = ReadMe.txt
	EndProjectSection
EndProject
Project("{2150E333-8FDC-42A3-9474-1A3956D46DE8}") = "Test Files", "Test Files", "{19B0F1A0-0C28-4121-8D14-097E34A91FDC}"
	ProjectSection(SolutionItems) = preProject
		Testfiles\Server\SourceCode\Grandparent.h = Testfiles\Server\SourceCode\Grandparent.h
		Testfiles\Server\SourceCode\Invalid.h = Testfiles\Server\SourceCode\Invalid.h
		Testfiles\Server\SourceCode\Test.cpp = Testfiles\Server\SourceCode\Test.cpp
	EndProjectSection
EndProject
Project("{2150E333-8FDC-42A3-9474-1A3956D46DE8}") = "Child", "Child", "{721AA4C0-62D8-4BFD-B41F-1CC9647D7B35}"
	ProjectSection(SolutionItems) = preProject
		Testfiles\Server\SourceCode\Child\Child.cpp = Testfiles\Server\SourceCode\Child\Child.cpp
		Testfiles\Server\SourceCode\Child\Child.h = Testfiles\Server\SourceCode\Child\Child.h
	EndProjectSection
EndProject
Project("{8BC9CEB8-8B4A-11D0-8D11-00A0C91BC942}") = "Server", "Server\Server.vcxproj", "{31FC2B97-73B2-4677-9B75-E4BD8234DF2E}"
EndProject
Project("{FAE04EC0-301F-11D3-BF4B-00C04F79EFBC}") = "WPF-GUI", "WPF-GUI\WPF-GUI.csproj", "{68F948FD-DA64-416F-A00D-AA51C5EF4FB5}"
EndProject
Project("{8BC9CEB8-8B4A-11D0-8D11-00A0C91BC942}") = "CLIShim", "CLIShim\CLIShim.vcxproj", "{6E880659-8C90-4D0A-9878-ADEA3F72FB3C}"
EndProject
Project("{8BC9CEB8-8B4A-11D0-8D11-00A0C91BC942}") = "Sockets", "Sockets\Sockets.vcxproj", "{CA3129B8-1BF4-44C9-B116-53EC72D0BCCB}"
EndProject
Project("{8BC9CEB8-8B4A-11D0-8D11-00A0C91BC942}") = "HttpMessage", "HttpMessage\HttpMessage.vcxproj", "{3145A0F7-CEED-4551-A9F6-74AA9189BAAD}"
EndProject
Project("{8BC9CEB8-8B4A-11D0-8D11-00A0C91BC942}") = "PublishRepository", "PublishRepository\PublishRepository.vcxproj", "{9AA164A3-8DEF-4166-91B2-872DF6372926}"
EndProject
Project("{8BC9CEB8-8B4A-11D0-8D11-00A0C91BC942}") = "Tokenizer", "Tokenizer\Tokenizer.vcxproj", "{78D22225-DDD7-47F1-AE0E-E7A914D38FA8}"
EndProject
Project("{2150E333-8FDC-42A3-9474-1A3956D46DE8}") = "Parent", "Parent", "{9D75E8B4-D82C-40E6-B950-7676DBBC59F4}"
	ProjectSection(SolutionItems) = preProject
		Testfiles\Server\SourceCode\Parent\Parent.cpp = Testfiles\Server\SourceCode\Parent\Parent.cpp
		Testfiles\Server\SourceCode\Parent\Parent.h = Testfiles\Server\SourceCode\Parent\Parent.h
	EndProjectSection
EndProject
Project("{8BC9CEB8-8B4A-11D0-8D11-00A0C91BC942}") = "MockChannel", "MockChannel\MockChannel.vcxproj", "{5C1DC9DD-E56C-4CA2-9F0D-B35A6201D73C}"
EndProject
Project("{8BC9CEB8-8B4A-11D0-8D11-00A0C91BC942}") = "Client", "Client\Client.vcxproj", "{8052FDA3-1668-41E4-A10A-E7FC537EF080}"
EndProject
Project("{8BC9CEB8-8B4A-11D0-8D11-00A0C91BC942}") = "testClient", "testClient\testClient.vcxproj", "{47F631D4-FC3D-47A3-A08A-70DBA891B97A}"
EndProject
Global
	GlobalSection(SolutionConfigurationPlatforms) = preSolution
		Debug|Any CPU = Debug|Any CPU
		Debug|x64 = Debug|x64
		Debug|x86 = Debug|x86
		Release|Any CPU = Release|Any CPU
		Release|x64 = Release|x64
		Release|x86 = Release|x86
	EndGlobalSection
	GlobalSection(ProjectConfigurationPlatforms) = postSolution
		{99C4ABAB-4EB0-4808-AF24-55B9E2A3430F}.Debug|Any CPU.ActiveCfg = Debug|Win32
		{99C4ABAB-4EB0-4808-AF24-55B9E2A3430F}.Debug|x64.ActiveCfg = Debug|x64
		{99C4ABAB-4EB0-4808-AF24-55B9E2A3430F}.Debug|x64.Build.0 = Debug|x64
		{99C4ABAB-4EB0-4808-AF24-55B9E2A3430F}.Debug|x86.ActiveCfg = Debug|Win32
		{99C4ABAB-4EB0-4808-AF24-55B9E2A3430F}.Debug|x86.Build.0 = Debug|Win32
		{99C4ABAB-4EB0-4808-AF24-55B9E2A3430F}.Release|Any CPU.ActiveCfg = Release|Win32
		{99C4ABAB-4EB0-4808-AF24-55B9E2A3430F}.Release|x64.ActiveCfg = Release|x64
		{99C4ABAB-4EB0-4808-AF24-55B9E2A3430F}.Release|x64.Build.0 = Release|x64
		{99C4ABAB-4EB0-4808-AF24-55B9E2A3430F}.Release|x86.ActiveCfg = Release|Win32
		{99C4ABAB-4EB0-4808-AF24-55B9E2A3430F}.Release|x86.Build.0 = Release|Win32
		{3A343337-6691-4256-88D9-42381138CF27}.Debug|Any CPU.ActiveCfg = Debug|Win32
		{3A343337-6691-4256-88D9-42381138CF27}.Debug|x64.ActiveCfg = Debug|x64
		{3A343337-6691-4256-88D9-42381138CF27}.Debug|x64.Build.0 = Debug|x64
		{3A343337-6691-4256-88D9-42381138CF27}.Debug|x86.ActiveCfg = Debug|Win32
		{3A343337-6691-4256-88D9-42381138CF27}.Debug|x86.Build.0 = Debug|Win32
		{3A343337-6691-4256-88D9-42381138CF27}.Release|Any CPU.ActiveCfg = Release|Win32
		{3A343337-6691-4256-88D9-42381138CF27}.Release|x64.ActiveCfg = Release|x64
		{3A343337-6691-4256-88D9-42381138CF27}.Release|x64.Build.0 = Release|x64
		{3A343337-6691-4256-88D9-42381138CF27}.Release|x86.ActiveCfg = Release|Win32
		{3A343337-6691-4256-88D9-42381138CF27}.Release|x86.Build.0 = Release|Win32
		{2A2CA5D3-107B-409E-9C13-6608A74912EF}.Debug|Any CPU.ActiveCfg = Debug|Win32
		{2A2CA5D3-107B-409E-9C13-6608A74912EF}.Debug|x64.ActiveCfg = Debug|x64
		{2A2CA5D3-107B-409E-9C13-6608A74912EF}.Debug|x64.Build.0 = Debug|x64
		{2A2CA5D3-107B-409E-9C13-6608A74912EF}.Debug|x86.ActiveCfg = Debug|Win32
		{2A2CA5D3-107B-409E-9C13-6608A74912EF}.Debug|x86.Build.0 = Debug|Win32
		{2A2CA5D3-107B-409E-9C13-6608A74912EF}.Release|Any CPU.ActiveCfg = Release|Win32
		{2A2CA5D3-107B-409E-9C13-6608A74912EF}.Release|x64.ActiveCfg = Release|x64
		{2A2CA5D3-107B-409E-9C13-6608A74912EF}.Release|x64.Build.0 = Release|x64
		{2A2CA5D3-107B-409E-9C13-6608A74912EF}.Release|x86.ActiveCfg = Release|Win32
		{2A2CA5D3-107B-409E-9C13-6608A74912EF}.Release|x86.Build.0 = Release|Win32
		{80F4D31B-0678-4848-8795-C4ED2877974D}.Debug|Any CPU.ActiveCfg = Debug|Win32
		{80F4D31B-0678-4848-8795-C4ED2877974D}.Debug|x64.ActiveCfg = Debug|x64
		{80F4D31B-0678-4848-8795-C4ED2877974D}.Debug|x64.Build.0 = Debug|x64
		{80F4D31B-0678-4848-8795-C4ED2877974D}.Debug|x86.ActiveCfg = Debug|Win32
		{80F4D31B-0678-4848-8795-C4ED2877974D}.Debug|x86.Build.0 = Debug|Win32
		{80F4D31B-0678-4848-8795-C4ED2877974D}.Release|Any CPU.ActiveCfg = Release|Win32
		{80F4D31B-0678-4848-8795-C4ED2877974D}.Release|x64.ActiveCfg = Release|x64
		{80F4D31B-0678-4848-8795-C4ED2877974D}.Release|x64.Build.0 = Release|x64
		{80F4D31B-0678-4848-8795-C4ED2877974D}.Release|x86.ActiveCfg = Release|Win32
		{80F4D31B-0678-4848-8795-C4ED2877974D}.Release|x86.Build.0 = Release|Win32
		{DB9911ED-0455-4679-9A7F-30947415D4E1}.Debug|Any CPU.ActiveCfg = Debug|Win32
		{DB9911ED-0455-4679-9A7F-30947415D4E1}.Debug|x64.ActiveCfg = Debug|x64
		{DB9911ED-0455-4679-9A7F-30947415D4E1}.Debug|x64.Build.0 = Debug|x64
		{DB9911ED-0455-4679-9A7F-30947415D4E1}.Debug|x86.ActiveCfg = Debug|Win32
		{DB9911ED-0455-4679-9A7F-30947415D4E1}.Debug|x86.Build.0 = Debug|Win32
		{DB9911ED-0455-4679-9A7F-30947415D4E1}.Release|Any CPU.ActiveCfg = Release|Win32
		{DB9911ED-0455-4679-9A7F-30947415D4E1}.Release|x64.ActiveCfg = Release|x64
		{DB9911ED-0455-4679-9A7F-30947415D4E1}.Release|x64.Build.0 = Release|x64
		{DB9911ED-0455-4679-9A7F-30947415D4E1}.Release|x86.ActiveCfg = Release|Win32
		{DB9911ED-0455-4679-9A7F-30947415D4E1}.Release|x86.Build.0 = Release|Win32
		{34D0AE18-B0DA-45E3-9B24-54387DC20C67}.Debug|Any CPU.ActiveCfg = Debug|Win32
		{34D0AE18-B0DA-45E3-9B24-54387DC20C67}.Debug|x64.ActiveCfg = Debug|x64
		{34D0AE18-B0DA-45E3-9B24-54387DC20C67}.Debug|x64.Build.0 = Debug|x64
		{34D0AE18-B0DA-45E3-9B24-54387DC20C67}.Debug|x86.ActiveCfg = Debug|Win32
		{34D0AE18-B0DA-45E3-9B24-54387DC20C67}.Debug|x86.Build.0 = Debug|Win32
		{34D0AE18-B0DA-45E3-9B24-54387DC20C67}.Release|Any CPU.ActiveCfg = Release|Win32
		{34D0AE18-B0DA-45E3-9B24-54387DC20C67}.Release|x64.ActiveCfg = Release|x64
		{34D0AE18-B0DA-45E3-9B24-54387DC20C67}.Release|x64.Build.0 = Release|x64
		{34D0AE18-B0DA-45E3-9B24-54387DC20C67}.Release|x86.ActiveCfg = Release|Win32
		{34D0AE18-B0DA-45E3-9B24-54387DC20C67}.Release|x86.Build.0 = Release|Win32
		{8A19B4CC-0DC1-4E4D-8608-7E1CE8506938}.Debug|Any CPU.ActiveCfg = Debug|Win32
		{8A19B4CC-0DC1-4E4D-8608-7E1CE8506938}.Debug|x64.ActiveCfg = Debug|x64
		{8A19B4CC-0DC1-4E4D-8608-7E1CE8506938}.Debug|x64.Build.0 = Debug|x64
		{8A19B4CC-0DC1-4E4D-8608-7E1CE8506938}.Debug|x86.ActiveCfg = Debug|Win32
		{8A19B4CC-0DC1-4E4D-8608-7E1CE8506938}.Debug|x86.Build.0 = Debug|Win32
		{8A19B4CC-0DC1-4E4D-8608-7E1CE8506938}.Release|Any CPU.ActiveCfg = Release|Win32
		{8A19B4CC-0DC1-4E4D-8608-7E1CE8506938}.Release|x64.ActiveCfg = Release|x64
		{8A19B4CC-0DC1-4E4D-8608-7E1CE8506938}.Release|x64.Build.0 = Release|x64
		{8A19B4CC-0DC1-4E4D-8608-7E1CE8506938}.Release|x86.ActiveCfg = Release|Win32
		{8A19B4CC-0DC1-4E4D-8608-7E1CE8506938}.Release|x86.Build.0 = Release|Win32
		{6C342C17-2459-498C-8EC1-C24737F8D63E}.Debug|Any CPU.ActiveCfg = Debug|Win32
		{6C342C17-2459-498C-8EC1-C24737F8D63E}.Debug|x64.ActiveCfg = Debug|x64
		{6C342C17-2459-498C-8EC1-C24737F8D63E}.Debug|x64.Build.0 = Debug|x64
		{6C342C17-2459-498C-8EC1-C24737F8D63E}.Debug|x86.ActiveCfg = Debug|Win32
		{6C342C17-2459-498C-8EC1-C24737F8D63E}.Debug|x86.Build.0 = Debug|Win32
		{6C342C17-2459-498C-8EC1-C24737F8D63E}.Release|Any CPU.ActiveCfg = Release|Win32
		{6C342C17-2459-498C-8EC1-C24737F8D63E}.Release|x64.ActiveCfg = Release|x64
		{6C342C17-2459-498C-8EC1-C24737F8D63E}.Release|x64.Build.0 = Release|x64
		{6C342C17-2459-498C-8EC1-C24737F8D63E}.Release|x86.ActiveCfg = Release|Win32
		{6C342C17-2459-498C-8EC1-C24737F8D63E}.Release|x86.Build.0 = Release|Win32
		{6B3A5DAD-A095-4F16-A0DF-FCBAB86EEEDE}.Debug|Any CPU.ActiveCfg = Debug|Win32
		{6B3A5DAD-A095-4F16-A0DF-FCBAB86EEEDE}.Debug|x64.ActiveCfg = Debug|x64
		{6B3A5DAD-A095-4F16-A0DF-FCBAB86EEEDE}.Debug|x64.Build.0 = Debug|x64
		{6B3A5DAD-A095-4F16-A0DF-FCBAB86EEEDE}.Debug|x86.ActiveCfg = Debug|Win32
		{6B3A5DAD-A095-4F16-A0DF-FCBAB86EEEDE}.Debug|x86.Build.0 = Debug|Win32
		{6B3A5DAD-A095-4F16-A0DF-FCBAB86EEEDE}.Release|Any CPU.ActiveCfg = Release|Win32
		{6B3A5DAD-A095-4F16-A0DF-FCBAB86EEEDE}.Release|x64.ActiveCfg = Release|x64
		{6B3A5DAD-A095-4F16-A0DF-FCBAB86EEEDE}.Release|x64.Build.0 = Release|x64
		{6B3A5DAD-A095-4F16-A0DF-FCBAB86EEEDE}.Release|x86.ActiveCfg = Release|Win32
		{6B3A5DAD-A095-4F16-A0DF-FCBAB86EEEDE}.Release|x86.Build.0 = Release|Win32
		{56D89EBC-E517-4D2F-A96D-935E9ABE4975}.Debug|Any CPU.ActiveCfg = Debug|Win32
		{56D89EBC-E517-4D2F-A96D-935E9ABE4975}.Debug|x64.ActiveCfg = Debug|x64
		{56D89EBC-E517-4D2F-A96D-935E9ABE4975}.Debug|x64.Build.0 = Debug|x64
		{56D89EBC-E517-4D2F-A96D-935E9ABE4975}.Debug|x86.ActiveCfg = Debug|Win32
		{56D89EBC-E517-4D2F-A96D-935E9ABE4975}.Debug|x86.Build.0 = Debug|Win32
		{56D89EBC-E517-4D2F-A96D-935E9ABE4975}.Release|Any CPU.ActiveCfg = Release|Win32
		{56D89EBC-E517-4D2F-A96D-935E9ABE4975}.Release|x64.ActiveCfg = Release|x64
		{56D89EBC-E517-4D2F-A96D-935E9ABE4975}.Release|x64.Build.0 = Release|x64
		{56D89EBC-E517-4D2F-A96D-935E9ABE4975}.Release|x86.ActiveCfg = Release|Win32
		{56D89EBC-E517-4D2F-A96D-935E9ABE4975}.Release|x86.Build.0 = Release|Win32
		{9168E3FE-7BA0-4F59-A41D-298908133EBC}.Debug|Any CPU.ActiveCfg = Debug|Win32
		{9168E3FE-7BA0-4F59-A41D-298908133EBC}.Debug|x64.ActiveCfg = Debug|x64
		{9168E3FE-7BA0-4F59-A41D-298908133EBC}.Debug|x64.Build.0 = Debug|x64
		{9168E3FE-7BA0-4F59-A41D-298908133EBC}.Debug|x86.ActiveCfg = Debug|Win32
		{9168E3FE-7BA0-4F59-A41D-298908133EBC}.Debug|x86.Build.0 = Debug|Win32
		{9168E3FE-7BA0-4F59-A41D-298908133EBC}.Release|Any CPU.ActiveCfg = Release|Win32
		{9168E3FE-7BA0-4F59-A41D-298908133EBC}.Release|x64.ActiveCfg = Release|x64
		{9168E3FE-7BA0-4F59-A41D-298908133EBC}.Release|x64.Build.0 = Release|x64
		{9168E3FE-7BA0-4F59-A41D-298908133EBC}.Release|x86.ActiveCfg = Release|Win32
		{9168E3FE-7BA0-4F59-A41D-298908133EBC}.Release|x86.Build.0 = Release|Win32
		{B099980F-FBEC-4B59-8380-3E82EB479D9B}.Debug|Any CPU.ActiveCfg = Debug|Win32
		{B099980F-FBEC-4B59-8380-3E82EB479D9B}.Debug|x64.ActiveCfg = Debug|x64
		{B099980F-FBEC-4B59-8380-3E82EB479D9B}.Debug|x64.Build.0 = Debug|x64
		{B099980F-FBEC-4B59-8380-3E82EB479D9B}.Debug|x86.ActiveCfg = Debug|Win32
		{B099980F-FBEC-4B59-8380-3E82EB479D9B}.Debug|x86.Build.0 = Debug|Win32
		{B099980F-FBEC-4B59-8380-3E82EB479D9B}.Release|Any CPU.ActiveCfg = Release|Win32
		{B099980F-FBEC-4B59-8380-3E82EB479D9B}.Release|x64.ActiveCfg = Release|x64
		{B099980F-FBEC-4B59-8380-3E82EB479D9B}.Release|x64.Build.0 = Release|x64
		{B099980F-FBEC-4B59-8380-3E82EB479D9B}.Release|x86.ActiveCfg = Release|Win32
		{B099980F-FBEC-4B59-8380-3E82EB479D9B}.Release|x86.Build.0 = Release|Win32
		{81143BA4-37B2-4591-ABB3-F8EF35738C65}.Debug|Any CPU.ActiveCfg = Debug|Win32
		{81143BA4-37B2-4591-ABB3-F8EF35738C65}.Debug|x64.ActiveCfg = Debug|x64
		{81143BA4-37B2-4591-ABB3-F8EF35738C65}.Debug|x64.Build.0 = Debug|x64
		{81143BA4-37B2-4591-ABB3-F8EF35738C65}.Debug|x86.ActiveCfg = Debug|Win32
		{81143BA4-37B2-4591-ABB3-F8EF35738C65}.Debug|x86.Build.0 = Debug|Win32
		{81143BA4-37B2-4591-ABB3-F8EF35738C65}.Release|Any CPU.ActiveCfg = Release|Win32
		{81143BA4-37B2-4591-ABB3-F8EF35738C65}.Release|x64.ActiveCfg = Release|x64
		{81143BA4-37B2-4591-ABB3-F8EF35738C65}.Release|x64.Build.0 = Release|x64
		{81143BA4-37B2-4591-ABB3-F8EF35738C65}.Release|x86.ActiveCfg = Release|Win32
		{81143BA4-37B2-4591-ABB3-F8EF35738C65}.Release|x86.Build.0 = Release|Win32
		{31FC2B97-73B2-4677-9B75-E4BD8234DF2E}.Debug|Any CPU.ActiveCfg = Debug|Win32
		{31FC2B97-73B2-4677-9B75-E4BD8234DF2E}.Debug|x64.ActiveCfg = Debug|x64
		{31FC2B97-73B2-4677-9B75-E4BD8234DF2E}.Debug|x64.Build.0 = Debug|x64
		{31FC2B97-73B2-4677-9B75-E4BD8234DF2E}.Debug|x86.ActiveCfg = Debug|Win32
		{31FC2B97-73B2-4677-9B75-E4BD8234DF2E}.Debug|x86.Build.0 = Debug|Win32
		{31FC2B97-73B2-4677-9B75-E4BD8234DF2E}.Release|Any CPU.ActiveCfg = Release|Win32
		{31FC2B97-73B2-4677-9B75-E4BD8234DF2E}.Release|x64.ActiveCfg = Release|x64
		{31FC2B97-73B2-4677-9B75-E4BD8234DF2E}.Release|x64.Build.0 = Release|x64
		{31FC2B97-73B2-4677-9B75-E4BD8234DF2E}.Release|x86.ActiveCfg = Release|Win32
		{31FC2B97-73B2-4677-9B75-E4BD8234DF2E}.Release|x86.Build.0 = Release|Win32
		{68F948FD-DA64-416F-A00D-AA51C5EF4FB5}.Debug|Any CPU.ActiveCfg = Debug|Any CPU
		{68F948FD-DA64-416F-A00D-AA51C5EF4FB5}.Debug|Any CPU.Build.0 = Debug|Any CPU
		{68F948FD-DA64-416F-A00D-AA51C5EF4FB5}.Debug|x64.ActiveCfg = Debug|Any CPU
		{68F948FD-DA64-416F-A00D-AA51C5EF4FB5}.Debug|x64.Build.0 = Debug|Any CPU
		{68F948FD-DA64-416F-A00D-AA51C5EF4FB5}.Debug|x86.ActiveCfg = Debug|Any CPU
		{68F948FD-DA64-416F-A00D-AA51C5EF4FB5}.Debug|x86.Build.0 = Debug|Any CPU
		{68F948FD-DA64-416F-A00D-AA51C5EF4FB5}.Release|Any CPU.ActiveCfg = Release|Any CPU
		{68F948FD-DA64-416F-A00D-AA51C5EF4FB5}.Release|Any CPU.Build.0 = Release|Any CPU
		{68F948FD-DA64-416F-A00D-AA51C5EF4FB5}.Release|x64.ActiveCfg = Release|Any CPU
		{68F948FD-DA64-416F-A00D-AA51C5EF4FB5}.Release|x64.Build.0 = Release|Any CPU
		{68F948FD-DA64-416F-A00D-AA51C5EF4FB5}.Release|x86.ActiveCfg = Release|Any CPU
		{68F948FD-DA64-416F-A00D-AA51C5EF4FB5}.Release|x86.Build.0 = Release|Any CPU
		{6E880659-8C90-4D0A-9878-ADEA3F72FB3C}.Debug|Any CPU.ActiveCfg = Debug|Win32
		{6E880659-8C90-4D0A-9878-ADEA3F72FB3C}.Debug|x64.ActiveCfg = Debug|x64
		{6E880659-8C90-4D0A-9878-ADEA3F72FB3C}.Debug|x64.Build.0 = Debug|x64
		{6E880659-8C90-4D0A-9878-ADEA3F72FB3C}.Debug|x86.ActiveCfg = Debug|Win32
		{6E880659-8C90-4D0A-9878-ADEA3F72FB3C}.Debug|x86.Build.0 = Debug|Win32
		{6E880659-8C90-4D0A-9878-ADEA3F72FB3C}.Release|Any CPU.ActiveCfg = Release|Win32
		{6E880659-8C90-4D0A-9878-ADEA3F72FB3C}.Release|x64.ActiveCfg = Release|x64
		{6E880659-8C90-4D0A-9878-ADEA3F72FB3C}.Release|x64.Build.0 = Release|x64
		{6E880659-8C90-4D0A-9878-ADEA3F72FB3C}.Release|x86.ActiveCfg = Release|Win32
		{6E880659-8C90-4D0A-9878-ADEA3F72FB3C}.Release|x86.Build.0 = Release|Win32
		{CA3129B8-1BF4-44C9-B116-53EC72D0BCCB}.Debug|Any CPU.ActiveCfg = Debug|Win32
		{CA3129B8-1BF4-44C9-B116-53EC72D0BCCB}.Debug|x64.ActiveCfg = Debug|Win32
		{CA3129B8-1BF4-44C9-B116-53EC72D0BCCB}.Debug|x86.ActiveCfg = Debug|Win32
		{CA3129B8-1BF4-44C9-B116-53EC72D0BCCB}.Debug|x86.Build.0 = Debug|Win32
		{CA3129B8-1BF4-44C9-B116-53EC72D0BCCB}.Release|Any CPU.ActiveCfg = Release|Win32
		{CA3129B8-1BF4-44C9-B116-53EC72D0BCCB}.Release|x64.ActiveCfg = Release|Win32
		{CA3129B8-1BF4-44C9-B116-53EC72D0BCCB}.Release|x86.ActiveCfg = Release|Win32
		{CA3129B8-1BF4-44C9-B116-53EC72D0BCCB}.Release|x86.Build.0 = Release|Win32
		{3145A0F7-CEED-4551-A9F6-74AA9189BAAD}.Debug|Any CPU.ActiveCfg = Debug|Win32
		{3145A0F7-CEED-4551-A9F6-74AA9189BAAD}.Debug|x64.ActiveCfg = Debug|x64
		{3145A0F7-CEED-4551-A9F6-74AA9189BAAD}.Debug|x64.Build.0 = Debug|x64
		{3145A0F7-CEED-4551-A9F6-74AA9189BAAD}.Debug|x86.ActiveCfg = Debug|Win32
		{3145A0F7-CEED-4551-A9F6-74AA9189BAAD}.Debug|x86.Build.0 = Debug|Win32
		{3145A0F7-CEED-4551-A9F6-74AA9189BAAD}.Release|Any CPU.ActiveCfg = Release|Win32
		{3145A0F7-CEED-4551-A9F6-74AA9189BAAD}.Release|x64.ActiveCfg = Release|x64
		{3145A0F7-CEED-4551-A9F6-74AA9189BAAD}.Release|x64.Build.0 = Release|x64
		{3145A0F7-CEED-4551-A9F6-74AA9189BAAD}.Release|x86.ActiveCfg = Release|Win32
		{3145A0F7-CEED-4551-A9F6-74AA9189BAAD}.Release|x86.Build.0 = Release|Win32
		{9AA164A3-8DEF-4166-91B2-872DF6372926}.Debug|Any CPU.ActiveCfg = Debug|Win32
		{9AA164A3-8DEF-4166-91B2-872DF6372926}.Debug|x64.ActiveCfg = Debug|x64
		{9AA164A3-8DEF-4166-91B2-872DF6372926}.Debug|x64.Build.0 = Debug|x64
		{9AA164A3-8DEF-4166-91B2-872DF6372926}.Debug|x86.ActiveCfg = Debug|Win32
		{9AA164A3-8DEF-4166-91B2-872DF6372926}.Debug|x86.Build.0 = Debug|Win32
		{9AA164A3-8DEF-4166-91B2-872DF6372926}.Release|Any CPU.ActiveCfg = Release|Win32
		{9AA164A3-8DEF-4166-91B2-872DF6372926}.Release|x64.ActiveCfg = Release|x64
		{9AA164A3-8DEF-4166-91B2-872DF6372926}.Release|x64.Build.0 = Release|x64
		{9AA164A3-8DEF-4166-91B2-872DF6372926}.Release|x86.ActiveCfg = Release|Win32
		{9AA164A3-8DEF-4166-91B2-872DF6372926}.Release|x86.Build.0 = Release|Win32
		{78D22225-DDD7-47F1-AE0E-E7A914D38FA8}.Debug|Any CPU.ActiveCfg = Debug|Win32
		{78D22225-DDD7-47F1-AE0E-E7A914D38FA8}.Debug|x64.ActiveCfg = Debug|x64
		{78D22225-DDD7-47F1-AE0E-E7A914D38FA8}.Debug|x64.Build.0 = Debug|x64
		{78D22225-DDD7-47F1-AE0E-E7A914D38FA8}.Debug|x86.ActiveCfg = Debug|Win32
		{78D22225-DDD7-47F1-AE0E-E7A914D38FA8}.Debug|x86.Build.0 = Debug|Win32
		{78D22225-DDD7-47F1-AE0E-E7A914D38FA8}.Release|Any CPU.ActiveCfg = Release|Win32
		{78D22225-DDD7-47F1-AE0E-E7A914D38FA8}.Release|x64.ActiveCfg = Release|x64
		{78D22225-DDD7-47F1-AE0E-E7A914D38FA8}.Release|x64.Build.0 = Release|x64
		{78D22225-DDD7-47F1-AE0E-E7A914D38FA8}.Release|x86.ActiveCfg = Release|Win32
		{78D22225-DDD7-47F1-AE0E-E7A914D38FA8}.Release|x86.Build.0 = Release|Win32
		{5C1DC9DD-E56C-4CA2-9F0D-B35A6201D73C}.Debug|Any CPU.ActiveCfg = Debug|Win32
		{5C1DC9DD-E56C-4CA2-9F0D-B35A6201D73C}.Debug|x64.ActiveCfg = Debug|x64
		{5C1DC9DD-E56C-4CA2-9F0D-B35A6201D73C}.Debug|x64.Build.0 = Debug|x64
		{5C1DC9DD-E56C-4CA2-9F0D-B35A6201D73C}.Debug|x86.ActiveCfg = Debug|Win32
		{5C1DC9DD-E56C-4CA2-9F0D-B35A6201D73C}.Debug|x86.Build.0 = Debug|Win32
		{5C1DC9DD-E56C-4CA2-9F0D-B35A6201D73C}.Release|Any CPU.ActiveCfg = Release|Win32
		{5C1DC9DD-E56C-4CA2-9F0D-B35A6201D73C}.Release|x64.ActiveCfg = Release|x64
		{5C1DC9DD-E56C-4CA2-9F0D-B35A6201D73C}.Release|x64.Build.0 = Release|x64
		{5C1DC9DD-E56C-4CA2-9F0D-B35A6201D73C}.Release|x86.ActiveCfg = Release|Win32
		{5C1DC9DD-E56C-4CA2-9F0D-B35A6201D73C}.Release|x86.Build.0 = Release|Win32
		{8052FDA3-1668-41E4-A10A-E7FC537EF080}.Debug|Any CPU.ActiveCfg = Debug|Win32
		{8052FDA3-1668-41E4-A10A-E7FC537EF080}.Debug|x64.ActiveCfg = Debug|x64
		{8052FDA3-1668-41E4-A10A-E7FC537EF080}.Debug|x64.Build.0 = Debug|x64
		{8052FDA3-1668-41E4-A10A-E7FC537EF080}.Debug|x86.ActiveCfg = Debug|Win32
		{8052FDA3-1668-41E4-A10A-E7FC537EF080}.Debug|x86.Build.0 = Debug|Win32
		{8052FDA3-1668-41E4-A10A-E7FC537EF080}.Release|Any CPU.ActiveCfg = Release|Win32
		{8052FDA3-1668-41E4-A10A-E7FC537EF080}.Release|x64.ActiveCfg = Release|x64
		{8052FDA3-1668-41E4-A10A-E7FC537EF080}.Release|x64.Build.0 = Release|x64
		{8052FDA3-1668-41E4-A10A-E7FC537EF080}.Release|x86.ActiveCfg = Release|Win32
		{8052FDA3-1668-41E4-A10A-E7FC537EF080}.Release|x86.Build.0 = Release|Win32
		{47F631D4-FC3D-47A3-A08A-70DBA891B97A}.Debug|Any CPU.ActiveCfg = Debug|Win32
		{47F631D4-FC3D-47A3-A08A-70DBA891B97A}.Debug|x64.ActiveCfg = Debug|x64
		{47F631D4-FC3D-47A3-A08A-70DBA891B97A}.Debug|x64.Build.0 = Debug|x64
		{47F631D4-FC3D-47A3-A08A-70DBA891B97A}.Debug|x86.ActiveCfg = Debug|Win32
		{47F631D4-FC3D-47A3-A08A-70DBA891B97A}.Debug|x86.Build.0 = Debug|Win32
		{47F631D4-FC3D-47A3-A08A-70DBA891B97A}.Release|Any CPU.ActiveCfg = Release|Win32
		{47F631D4-FC3D-47A3-A08A-70DBA891B97A}.Release|x64.ActiveCfg = Release|x64
		{47F631D4-FC3D-47A3-A08A-70DBA891B97A}.Release|x64.Build.0 = Release|x64
		{47F631D4-FC3D-47A3-A08A-70DBA891B97A}.Release|x86.ActiveCfg = Release|Win32
		{47F631D4-FC3D-47A3-A08A-70DBA891B97A}.Release|x86.Build.0 = Release|Win32
	EndGlobalSection
	GlobalSection(SolutionProperties) = preSolution
		HideSolutionNode = FALSE
	EndGlobalSection
	GlobalSection(NestedProjects) = preSolution
		{721AA4C0-62D8-4BFD-B41F-1CC9647D7B35} = {19B0F1A0-0C28-4121-8D14-097E34A91FDC}
		{9D75E8B4-D82C-40E6-B950-7676DBBC59F4} = {19B0F1A0-0C28-4121-8D14-097E34A91FDC}
	EndGlobalSection
EndGlobal
